
Microsoft Visual Studio Solution File, Format Version 12.00
# Visual Studio Version 17
VisualStudioVersion = 17.3.32901.215
MinimumVisualStudioVersion = 10.0.40219.1
Project("{8BC9CEB8-8B4A-11D0-8D11-00A0C91BC942}") = "DSA1", "DSA1\DSA1.vcxproj", "{D5026E0C-70E8-4E25-B097-0DE7FA28C231}"
EndProject
Project("{8BC9CEB8-8B4A-11D0-8D11-00A0C91BC942}") = "PE2", "PE2\PE2.vcxproj", "{9932899A-F570-4AC4-A440-7550BCE8F6D3}"
EndProject
Project("{8BC9CEB8-8B4A-11D0-8D11-00A0C91BC942}") = "PE3", "PE3\PE3.vcxproj", "{38572C73-4F23-49B3-9A49-D7D4BFC394FA}"
EndProject
Project("{8BC9CEB8-8B4A-11D0-8D11-00A0C91BC942}") = "PE4", "PE4\PE4.vcxproj", "{BC4CD6E6-C621-4FEE-9FDD-3A6E63734886}"
EndProject
Project("{8BC9CEB8-8B4A-11D0-8D11-00A0C91BC942}") = "HW1", "HW1\HW1.vcxproj", "{034258BA-205C-4106-A116-FEFD6C6A554C}"
EndProject
Project("{8BC9CEB8-8B4A-11D0-8D11-00A0C91BC942}") = "PE5", "PE5\PE5.vcxproj", "{70985829-BE4C-4B54-BD3F-377E4309E119}"
EndProject
Project("{8BC9CEB8-8B4A-11D0-8D11-00A0C91BC942}") = "PE6", "PE6\PE6.vcxproj", "{23297518-CDD5-4B32-8CFC-BB2BDAEEAF10}"
EndProject
Project("{8BC9CEB8-8B4A-11D0-8D11-00A0C91BC942}") = "PE7", "..\..\..\..\Downloads\PE7_Starter_Code\PE7\PE7\PE7.vcxproj", "{F1E1B394-A861-42F0-BEB9-2E6AF943F148}"
EndProject
Project("{8BC9CEB8-8B4A-11D0-8D11-00A0C91BC942}") = "PE8", "PE8\PE8.vcxproj", "{06D52044-5832-4825-9DCE-70A6F0E7A3AC}"
EndProject
Project("{8BC9CEB8-8B4A-11D0-8D11-00A0C91BC942}") = "Box2DDemo", "Box2DDemo\Box2DDemo.vcxproj", "{BE3C6247-4741-4006-A735-D1046744F21E}"
EndProject
Project("{8BC9CEB8-8B4A-11D0-8D11-00A0C91BC942}") = "HW2", "HW2\HW2.vcxproj", "{50D24986-CDBE-455D-9AA0-C46300CF26EB}"
EndProject
Project("{8BC9CEB8-8B4A-11D0-8D11-00A0C91BC942}") = "PE9", "PE9\PE9.vcxproj", "{DBE08138-CFE3-4CDE-8F11-34EAE032746E}"
EndProject
Global
	GlobalSection(SolutionConfigurationPlatforms) = preSolution
		Debug|x64 = Debug|x64
		Debug|x86 = Debug|x86
		Release|x64 = Release|x64
		Release|x86 = Release|x86
	EndGlobalSection
	GlobalSection(ProjectConfigurationPlatforms) = postSolution
		{D5026E0C-70E8-4E25-B097-0DE7FA28C231}.Debug|x64.ActiveCfg = Debug|x64
		{D5026E0C-70E8-4E25-B097-0DE7FA28C231}.Debug|x64.Build.0 = Debug|x64
		{D5026E0C-70E8-4E25-B097-0DE7FA28C231}.Debug|x86.ActiveCfg = Debug|Win32
		{D5026E0C-70E8-4E25-B097-0DE7FA28C231}.Debug|x86.Build.0 = Debug|Win32
		{D5026E0C-70E8-4E25-B097-0DE7FA28C231}.Release|x64.ActiveCfg = Release|x64
		{D5026E0C-70E8-4E25-B097-0DE7FA28C231}.Release|x64.Build.0 = Release|x64
		{D5026E0C-70E8-4E25-B097-0DE7FA28C231}.Release|x86.ActiveCfg = Release|Win32
		{D5026E0C-70E8-4E25-B097-0DE7FA28C231}.Release|x86.Build.0 = Release|Win32
		{9932899A-F570-4AC4-A440-7550BCE8F6D3}.Debug|x64.ActiveCfg = Debug|x64
		{9932899A-F570-4AC4-A440-7550BCE8F6D3}.Debug|x64.Build.0 = Debug|x64
		{9932899A-F570-4AC4-A440-7550BCE8F6D3}.Debug|x86.ActiveCfg = Debug|Win32
		{9932899A-F570-4AC4-A440-7550BCE8F6D3}.Debug|x86.Build.0 = Debug|Win32
		{9932899A-F570-4AC4-A440-7550BCE8F6D3}.Release|x64.ActiveCfg = Release|x64
		{9932899A-F570-4AC4-A440-7550BCE8F6D3}.Release|x64.Build.0 = Release|x64
		{9932899A-F570-4AC4-A440-7550BCE8F6D3}.Release|x86.ActiveCfg = Release|Win32
		{9932899A-F570-4AC4-A440-7550BCE8F6D3}.Release|x86.Build.0 = Release|Win32
		{38572C73-4F23-49B3-9A49-D7D4BFC394FA}.Debug|x64.ActiveCfg = Debug|x64
		{38572C73-4F23-49B3-9A49-D7D4BFC394FA}.Debug|x64.Build.0 = Debug|x64
		{38572C73-4F23-49B3-9A49-D7D4BFC394FA}.Debug|x86.ActiveCfg = Debug|Win32
		{38572C73-4F23-49B3-9A49-D7D4BFC394FA}.Debug|x86.Build.0 = Debug|Win32
		{38572C73-4F23-49B3-9A49-D7D4BFC394FA}.Release|x64.ActiveCfg = Release|x64
		{38572C73-4F23-49B3-9A49-D7D4BFC394FA}.Release|x64.Build.0 = Release|x64
		{38572C73-4F23-49B3-9A49-D7D4BFC394FA}.Release|x86.ActiveCfg = Release|Win32
		{38572C73-4F23-49B3-9A49-D7D4BFC394FA}.Release|x86.Build.0 = Release|Win32
		{BC4CD6E6-C621-4FEE-9FDD-3A6E63734886}.Debug|x64.ActiveCfg = Debug|x64
		{BC4CD6E6-C621-4FEE-9FDD-3A6E63734886}.Debug|x64.Build.0 = Debug|x64
		{BC4CD6E6-C621-4FEE-9FDD-3A6E63734886}.Debug|x86.ActiveCfg = Debug|Win32
		{BC4CD6E6-C621-4FEE-9FDD-3A6E63734886}.Debug|x86.Build.0 = Debug|Win32
		{BC4CD6E6-C621-4FEE-9FDD-3A6E63734886}.Release|x64.ActiveCfg = Release|x64
		{BC4CD6E6-C621-4FEE-9FDD-3A6E63734886}.Release|x64.Build.0 = Release|x64
		{BC4CD6E6-C621-4FEE-9FDD-3A6E63734886}.Release|x86.ActiveCfg = Release|Win32
		{BC4CD6E6-C621-4FEE-9FDD-3A6E63734886}.Release|x86.Build.0 = Release|Win32
		{034258BA-205C-4106-A116-FEFD6C6A554C}.Debug|x64.ActiveCfg = Debug|x64
		{034258BA-205C-4106-A116-FEFD6C6A554C}.Debug|x64.Build.0 = Debug|x64
		{034258BA-205C-4106-A116-FEFD6C6A554C}.Debug|x86.ActiveCfg = Debug|Win32
		{034258BA-205C-4106-A116-FEFD6C6A554C}.Debug|x86.Build.0 = Debug|Win32
		{034258BA-205C-4106-A116-FEFD6C6A554C}.Release|x64.ActiveCfg = Release|x64
		{034258BA-205C-4106-A116-FEFD6C6A554C}.Release|x64.Build.0 = Release|x64
		{034258BA-205C-4106-A116-FEFD6C6A554C}.Release|x86.ActiveCfg = Release|Win32
		{034258BA-205C-4106-A116-FEFD6C6A554C}.Release|x86.Build.0 = Release|Win32
		{70985829-BE4C-4B54-BD3F-377E4309E119}.Debug|x64.ActiveCfg = Debug|x64
		{70985829-BE4C-4B54-BD3F-377E4309E119}.Debug|x64.Build.0 = Debug|x64
		{70985829-BE4C-4B54-BD3F-377E4309E119}.Debug|x86.ActiveCfg = Debug|Win32
		{70985829-BE4C-4B54-BD3F-377E4309E119}.Debug|x86.Build.0 = Debug|Win32
		{70985829-BE4C-4B54-BD3F-377E4309E119}.Release|x64.ActiveCfg = Release|x64
		{70985829-BE4C-4B54-BD3F-377E4309E119}.Release|x64.Build.0 = Release|x64
		{70985829-BE4C-4B54-BD3F-377E4309E119}.Release|x86.ActiveCfg = Release|Win32
		{70985829-BE4C-4B54-BD3F-377E4309E119}.Release|x86.Build.0 = Release|Win32
		{23297518-CDD5-4B32-8CFC-BB2BDAEEAF10}.Debug|x64.ActiveCfg = Debug|x64
		{23297518-CDD5-4B32-8CFC-BB2BDAEEAF10}.Debug|x64.Build.0 = Debug|x64
		{23297518-CDD5-4B32-8CFC-BB2BDAEEAF10}.Debug|x86.ActiveCfg = Debug|Win32
		{23297518-CDD5-4B32-8CFC-BB2BDAEEAF10}.Debug|x86.Build.0 = Debug|Win32
		{23297518-CDD5-4B32-8CFC-BB2BDAEEAF10}.Release|x64.ActiveCfg = Release|x64
		{23297518-CDD5-4B32-8CFC-BB2BDAEEAF10}.Release|x64.Build.0 = Release|x64
		{23297518-CDD5-4B32-8CFC-BB2BDAEEAF10}.Release|x86.ActiveCfg = Release|Win32
		{23297518-CDD5-4B32-8CFC-BB2BDAEEAF10}.Release|x86.Build.0 = Release|Win32
		{F1E1B394-A861-42F0-BEB9-2E6AF943F148}.Debug|x64.ActiveCfg = Debug|Win32
		{F1E1B394-A861-42F0-BEB9-2E6AF943F148}.Debug|x86.ActiveCfg = Debug|Win32
		{F1E1B394-A861-42F0-BEB9-2E6AF943F148}.Debug|x86.Build.0 = Debug|Win32
		{F1E1B394-A861-42F0-BEB9-2E6AF943F148}.Release|x64.ActiveCfg = Release|Win32
		{F1E1B394-A861-42F0-BEB9-2E6AF943F148}.Release|x86.ActiveCfg = Release|Win32
		{F1E1B394-A861-42F0-BEB9-2E6AF943F148}.Release|x86.Build.0 = Release|Win32
		{06D52044-5832-4825-9DCE-70A6F0E7A3AC}.Debug|x64.ActiveCfg = Debug|x64
		{06D52044-5832-4825-9DCE-70A6F0E7A3AC}.Debug|x64.Build.0 = Debug|x64
		{06D52044-5832-4825-9DCE-70A6F0E7A3AC}.Debug|x86.ActiveCfg = Debug|Win32
		{06D52044-5832-4825-9DCE-70A6F0E7A3AC}.Debug|x86.Build.0 = Debug|Win32
		{06D52044-5832-4825-9DCE-70A6F0E7A3AC}.Release|x64.ActiveCfg = Release|x64
		{06D52044-5832-4825-9DCE-70A6F0E7A3AC}.Release|x64.Build.0 = Release|x64
		{06D52044-5832-4825-9DCE-70A6F0E7A3AC}.Release|x86.ActiveCfg = Release|Win32
		{06D52044-5832-4825-9DCE-70A6F0E7A3AC}.Release|x86.Build.0 = Release|Win32
		{BE3C6247-4741-4006-A735-D1046744F21E}.Debug|x64.ActiveCfg = Debug|x64
		{BE3C6247-4741-4006-A735-D1046744F21E}.Debug|x64.Build.0 = Debug|x64
		{BE3C6247-4741-4006-A735-D1046744F21E}.Debug|x86.ActiveCfg = Debug|Win32
		{BE3C6247-4741-4006-A735-D1046744F21E}.Debug|x86.Build.0 = Debug|Win32
		{BE3C6247-4741-4006-A735-D1046744F21E}.Release|x64.ActiveCfg = Release|x64
		{BE3C6247-4741-4006-A735-D1046744F21E}.Release|x64.Build.0 = Release|x64
		{BE3C6247-4741-4006-A735-D1046744F21E}.Release|x86.ActiveCfg = Release|Win32
		{BE3C6247-4741-4006-A735-D1046744F21E}.Release|x86.Build.0 = Release|Win32
		{50D24986-CDBE-455D-9AA0-C46300CF26EB}.Debug|x64.ActiveCfg = Debug|x64
		{50D24986-CDBE-455D-9AA0-C46300CF26EB}.Debug|x64.Build.0 = Debug|x64
		{50D24986-CDBE-455D-9AA0-C46300CF26EB}.Debug|x86.ActiveCfg = Debug|Win32
		{50D24986-CDBE-455D-9AA0-C46300CF26EB}.Debug|x86.Build.0 = Debug|Win32
		{50D24986-CDBE-455D-9AA0-C46300CF26EB}.Release|x64.ActiveCfg = Release|x64
		{50D24986-CDBE-455D-9AA0-C46300CF26EB}.Release|x64.Build.0 = Release|x64
		{50D24986-CDBE-455D-9AA0-C46300CF26EB}.Release|x86.ActiveCfg = Release|Win32
		{50D24986-CDBE-455D-9AA0-C46300CF26EB}.Release|x86.Build.0 = Release|Win32
		{DBE08138-CFE3-4CDE-8F11-34EAE032746E}.Debug|x64.ActiveCfg = Debug|x64
		{DBE08138-CFE3-4CDE-8F11-34EAE032746E}.Debug|x64.Build.0 = Debug|x64
		{DBE08138-CFE3-4CDE-8F11-34EAE032746E}.Debug|x86.ActiveCfg = Debug|Win32
		{DBE08138-CFE3-4CDE-8F11-34EAE032746E}.Debug|x86.Build.0 = Debug|Win32
		{DBE08138-CFE3-4CDE-8F11-34EAE032746E}.Release|x64.ActiveCfg = Release|x64
		{DBE08138-CFE3-4CDE-8F11-34EAE032746E}.Release|x64.Build.0 = Release|x64
		{DBE08138-CFE3-4CDE-8F11-34EAE032746E}.Release|x86.ActiveCfg = Release|Win32
		{DBE08138-CFE3-4CDE-8F11-34EAE032746E}.Release|x86.Build.0 = Release|Win32
	EndGlobalSection
	GlobalSection(SolutionProperties) = preSolution
		HideSolutionNode = FALSE
	EndGlobalSection
	GlobalSection(ExtensibilityGlobals) = postSolution
		SolutionGuid = {89347AF0-E020-44B0-B866-259E0432B8DD}
	EndGlobalSection
EndGlobal
