
Microsoft Visual Studio Solution File, Format Version 12.00
# Visual Studio Version 17
VisualStudioVersion = 17.3.32901.215
MinimumVisualStudioVersion = 10.0.40219.1
Project("{8BC9CEB8-8B4A-11D0-8D11-00A0C91BC942}") = "PE3", "PE3\PE3.vcxproj", "{9A89775A-D70C-47DA-AC68-E168D8062954}"
EndProject
Global
	GlobalSection(SolutionConfigurationPlatforms) = preSolution
		Debug|x64 = Debug|x64
		Debug|x86 = Debug|x86
		Release|x64 = Release|x64
		Release|x86 = Release|x86
	EndGlobalSection
	GlobalSection(ProjectConfigurationPlatforms) = postSolution
		{9A89775A-D70C-47DA-AC68-E168D8062954}.Debug|x64.ActiveCfg = Debug|x64
		{9A89775A-D70C-47DA-AC68-E168D8062954}.Debug|x64.Build.0 = Debug|x64
		{9A89775A-D70C-47DA-AC68-E168D8062954}.Debug|x86.ActiveCfg = Debug|Win32
		{9A89775A-D70C-47DA-AC68-E168D8062954}.Debug|x86.Build.0 = Debug|Win32
		{9A89775A-D70C-47DA-AC68-E168D8062954}.Release|x64.ActiveCfg = Release|x64
		{9A89775A-D70C-47DA-AC68-E168D8062954}.Release|x64.Build.0 = Release|x64
		{9A89775A-D70C-47DA-AC68-E168D8062954}.Release|x86.ActiveCfg = Release|Win32
		{9A89775A-D70C-47DA-AC68-E168D8062954}.Release|x86.Build.0 = Release|Win32
	EndGlobalSection
	GlobalSection(SolutionProperties) = preSolution
		HideSolutionNode = FALSE
	EndGlobalSection
	GlobalSection(ExtensibilityGlobals) = postSolution
		SolutionGuid = {C0EF50EE-FC7B-4DA1-82D8-46DEEC2462C1}
	EndGlobalSection
EndGlobal
